
Microsoft Visual Studio Solution File, Format Version 12.00
# Visual Studio Version 16
VisualStudioVersion = 16.0.29326.143
MinimumVisualStudioVersion = 10.0.40219.1
Project("{FAE04EC0-301F-11D3-BF4B-00C04F79EFBC}") = "Bsuir.DOG.Application", "Bsuir.DOG.Application\Bsuir.DOG.Application.csproj", "{1035FCB5-5A94-41F9-B46C-AE5AED48201D}"
EndProject
Project("{FAE04EC0-301F-11D3-BF4B-00C04F79EFBC}") = "Bsuir.DOG.Console", "Bsuir.DOG.Console\Bsuir.DOG.Console.csproj", "{B8682A6B-F617-44FE-B171-01A8F348ED82}"
EndProject
Global
	GlobalSection(SolutionConfigurationPlatforms) = preSolution
		Debug|Any CPU = Debug|Any CPU
		Release|Any CPU = Release|Any CPU
	EndGlobalSection
	GlobalSection(ProjectConfigurationPlatforms) = postSolution
		{1035FCB5-5A94-41F9-B46C-AE5AED48201D}.Debug|Any CPU.ActiveCfg = Debug|Any CPU
		{1035FCB5-5A94-41F9-B46C-AE5AED48201D}.Debug|Any CPU.Build.0 = Debug|Any CPU
		{1035FCB5-5A94-41F9-B46C-AE5AED48201D}.Release|Any CPU.ActiveCfg = Release|Any CPU
		{1035FCB5-5A94-41F9-B46C-AE5AED48201D}.Release|Any CPU.Build.0 = Release|Any CPU
		{B8682A6B-F617-44FE-B171-01A8F348ED82}.Debug|Any CPU.ActiveCfg = Debug|Any CPU
		{B8682A6B-F617-44FE-B171-01A8F348ED82}.Debug|Any CPU.Build.0 = Debug|Any CPU
		{B8682A6B-F617-44FE-B171-01A8F348ED82}.Release|Any CPU.ActiveCfg = Release|Any CPU
		{B8682A6B-F617-44FE-B171-01A8F348ED82}.Release|Any CPU.Build.0 = Release|Any CPU
	EndGlobalSection
	GlobalSection(SolutionProperties) = preSolution
		HideSolutionNode = FALSE
	EndGlobalSection
	GlobalSection(ExtensibilityGlobals) = postSolution
		SolutionGuid = {D4870A4C-4251-4661-B22B-08462C83B351}
	EndGlobalSection
EndGlobal
